
Microsoft Visual Studio Solution File, Format Version 12.00
# Visual Studio Version 16
VisualStudioVersion = 16.0.30503.244
MinimumVisualStudioVersion = 10.0.40219.1
Project("{FAE04EC0-301F-11D3-BF4B-00C04F79EFBC}") = "Sobel", "Sobel\Sobel.csproj", "{4536465F-275D-42A1-9D5F-D4DEA5A2D8FE}"
EndProject
Project("{FAE04EC0-301F-11D3-BF4B-00C04F79EFBC}") = "XUnitTestSobel", "XUnitTestSobel\XUnitTestSobel.csproj", "{77DB6974-6BD3-4E35-8393-1C4D17C00905}"
EndProject
Global
	GlobalSection(SolutionConfigurationPlatforms) = preSolution
		Debug|Any CPU = Debug|Any CPU
		Release|Any CPU = Release|Any CPU
	EndGlobalSection
	GlobalSection(ProjectConfigurationPlatforms) = postSolution
		{4536465F-275D-42A1-9D5F-D4DEA5A2D8FE}.Debug|Any CPU.ActiveCfg = Debug|Any CPU
		{4536465F-275D-42A1-9D5F-D4DEA5A2D8FE}.Debug|Any CPU.Build.0 = Debug|Any CPU
		{4536465F-275D-42A1-9D5F-D4DEA5A2D8FE}.Release|Any CPU.ActiveCfg = Release|Any CPU
		{4536465F-275D-42A1-9D5F-D4DEA5A2D8FE}.Release|Any CPU.Build.0 = Release|Any CPU
		{77DB6974-6BD3-4E35-8393-1C4D17C00905}.Debug|Any CPU.ActiveCfg = Debug|Any CPU
		{77DB6974-6BD3-4E35-8393-1C4D17C00905}.Debug|Any CPU.Build.0 = Debug|Any CPU
		{77DB6974-6BD3-4E35-8393-1C4D17C00905}.Release|Any CPU.ActiveCfg = Release|Any CPU
		{77DB6974-6BD3-4E35-8393-1C4D17C00905}.Release|Any CPU.Build.0 = Release|Any CPU
	EndGlobalSection
	GlobalSection(SolutionProperties) = preSolution
		HideSolutionNode = FALSE
	EndGlobalSection
	GlobalSection(ExtensibilityGlobals) = postSolution
		SolutionGuid = {2784B374-556C-413A-BFE4-8DE5B2236363}
	EndGlobalSection
EndGlobal
